// !$*UTF8*$!
{
	archiveVersion = 1;
	classes = {
	};
	objectVersion = 46;
	objects = {

/* Begin PBXBuildFile section */
		6AC7B6521DDD829D009A2E01 /* AppDelegate.swift in Sources */ = {isa = PBXBuildFile; fileRef = 6AC7B6511DDD829D009A2E01 /* AppDelegate.swift */; };
		6AC7B6591DDD829D009A2E01 /* Assets.xcassets in Resources */ = {isa = PBXBuildFile; fileRef = 6AC7B6581DDD829D009A2E01 /* Assets.xcassets */; };
		6AC7B65C1DDD829D009A2E01 /* LaunchScreen.storyboard in Resources */ = {isa = PBXBuildFile; fileRef = 6AC7B65A1DDD829D009A2E01 /* LaunchScreen.storyboard */; };
		6AC7B6651DDD82CE009A2E01 /* ISViewPagerContainer.swift in Sources */ = {isa = PBXBuildFile; fileRef = 6AC7B6641DDD82CE009A2E01 /* ISViewPagerContainer.swift */; };
		6AC7B6691DDDB494009A2E01 /* ViewPager.swift in Sources */ = {isa = PBXBuildFile; fileRef = 6AC7B6681DDDB494009A2E01 /* ViewPager.swift */; };
/* End PBXBuildFile section */

/* Begin PBXFileReference section */
		6AC7B64E1DDD829D009A2E01 /* ISViewPager.app */ = {isa = PBXFileReference; explicitFileType = wrapper.application; includeInIndex = 0; path = ISViewPager.app; sourceTree = BUILT_PRODUCTS_DIR; };
		6AC7B6511DDD829D009A2E01 /* AppDelegate.swift */ = {isa = PBXFileReference; lastKnownFileType = sourcecode.swift; path = AppDelegate.swift; sourceTree = "<group>"; };
		6AC7B6581DDD829D009A2E01 /* Assets.xcassets */ = {isa = PBXFileReference; lastKnownFileType = folder.assetcatalog; path = Assets.xcassets; sourceTree = "<group>"; };
		6AC7B65B1DDD829D009A2E01 /* Base */ = {isa = PBXFileReference; lastKnownFileType = file.storyboard; name = Base; path = Base.lproj/LaunchScreen.storyboard; sourceTree = "<group>"; };
		6AC7B65D1DDD829D009A2E01 /* Info.plist */ = {isa = PBXFileReference; lastKnownFileType = text.plist.xml; path = Info.plist; sourceTree = "<group>"; };
		6AC7B6641DDD82CE009A2E01 /* ISViewPagerContainer.swift */ = {isa = PBXFileReference; fileEncoding = 4; lastKnownFileType = sourcecode.swift; path = ISViewPagerContainer.swift; sourceTree = "<group>"; };
		6AC7B6681DDDB494009A2E01 /* ViewPager.swift */ = {isa = PBXFileReference; fileEncoding = 4; lastKnownFileType = sourcecode.swift; path = ViewPager.swift; sourceTree = "<group>"; };
/* End PBXFileReference section */

/* Begin PBXFrameworksBuildPhase section */
		6AC7B64B1DDD829D009A2E01 /* Frameworks */ = {
			isa = PBXFrameworksBuildPhase;
			buildActionMask = 2147483647;
			files = (
			);
			runOnlyForDeploymentPostprocessing = 0;
		};
/* End PBXFrameworksBuildPhase section */

/* Begin PBXGroup section */
		6AC7B6451DDD829C009A2E01 = {
			isa = PBXGroup;
			children = (
				6AC7B6501DDD829D009A2E01 /* ISViewPager */,
				6AC7B64F1DDD829D009A2E01 /* Products */,
			);
			sourceTree = "<group>";
		};
		6AC7B64F1DDD829D009A2E01 /* Products */ = {
			isa = PBXGroup;
			children = (
				6AC7B64E1DDD829D009A2E01 /* ISViewPager.app */,
			);
			name = Products;
			sourceTree = "<group>";
		};
		6AC7B6501DDD829D009A2E01 /* ISViewPager */ = {
			isa = PBXGroup;
			children = (
				6AC7B6631DDD82BA009A2E01 /* ISViewPager */,
				6AC7B6511DDD829D009A2E01 /* AppDelegate.swift */,
				6AC7B6681DDDB494009A2E01 /* ViewPager.swift */,
				6AC7B6581DDD829D009A2E01 /* Assets.xcassets */,
				6AC7B65A1DDD829D009A2E01 /* LaunchScreen.storyboard */,
				6AC7B65D1DDD829D009A2E01 /* Info.plist */,
			);
			path = ISViewPager;
			sourceTree = "<group>";
		};
		6AC7B6631DDD82BA009A2E01 /* ISViewPager */ = {
			isa = PBXGroup;
			children = (
				6AC7B6641DDD82CE009A2E01 /* ISViewPagerContainer.swift */,
			);
			path = ISViewPager;
			sourceTree = "<group>";
		};
/* End PBXGroup section */

/* Begin PBXNativeTarget section */
		6AC7B64D1DDD829D009A2E01 /* ISViewPager */ = {
			isa = PBXNativeTarget;
			buildConfigurationList = 6AC7B6601DDD829D009A2E01 /* Build configuration list for PBXNativeTarget "ISViewPager" */;
			buildPhases = (
				6AC7B64A1DDD829D009A2E01 /* Sources */,
				6AC7B64B1DDD829D009A2E01 /* Frameworks */,
				6AC7B64C1DDD829D009A2E01 /* Resources */,
			);
			buildRules = (
			);
			dependencies = (
			);
			name = ISViewPager;
			productName = ISViewPager;
			productReference = 6AC7B64E1DDD829D009A2E01 /* ISViewPager.app */;
			productType = "com.apple.product-type.application";
		};
/* End PBXNativeTarget section */

/* Begin PBXProject section */
		6AC7B6461DDD829C009A2E01 /* Project object */ = {
			isa = PBXProject;
			attributes = {
				LastSwiftUpdateCheck = 0810;
				LastUpgradeCheck = 0810;
				ORGANIZATIONNAME = invictus;
				TargetAttributes = {
					6AC7B64D1DDD829D009A2E01 = {
						CreatedOnToolsVersion = 8.1;
						DevelopmentTeam = 87AQFDFMKM;
						ProvisioningStyle = Automatic;
					};
				};
			};
			buildConfigurationList = 6AC7B6491DDD829C009A2E01 /* Build configuration list for PBXProject "ISViewPager" */;
			compatibilityVersion = "Xcode 3.2";
			developmentRegion = English;
			hasScannedForEncodings = 0;
			knownRegions = (
				en,
				Base,
			);
			mainGroup = 6AC7B6451DDD829C009A2E01;
			productRefGroup = 6AC7B64F1DDD829D009A2E01 /* Products */;
			projectDirPath = "";
			projectRoot = "";
			targets = (
				6AC7B64D1DDD829D009A2E01 /* ISViewPager */,
			);
		};
/* End PBXProject section */

/* Begin PBXResourcesBuildPhase section */
		6AC7B64C1DDD829D009A2E01 /* Resources */ = {
			isa = PBXResourcesBuildPhase;
			buildActionMask = 2147483647;
			files = (
				6AC7B65C1DDD829D009A2E01 /* LaunchScreen.storyboard in Resources */,
				6AC7B6591DDD829D009A2E01 /* Assets.xcassets in Resources */,
			);
			runOnlyForDeploymentPostprocessing = 0;
		};
/* End PBXResourcesBuildPhase section */

/* Begin PBXSourcesBuildPhase section */
		6AC7B64A1DDD829D009A2E01 /* Sources */ = {
			isa = PBXSourcesBuildPhase;
			buildActionMask = 2147483647;
			files = (
				6AC7B6691DDDB494009A2E01 /* ViewPager.swift in Sources */,
				6AC7B6521DDD829D009A2E01 /* AppDelegate.swift in Sources */,
				6AC7B6651DDD82CE009A2E01 /* ISViewPagerContainer.swift in Sources */,
			);
			runOnlyForDeploymentPostprocessing = 0;
		};
/* End PBXSourcesBuildPhase section */

/* Begin PBXVariantGroup section */
		6AC7B65A1DDD829D009A2E01 /* LaunchScreen.storyboard */ = {
			isa = PBXVariantGroup;
			children = (
				6AC7B65B1DDD829D009A2E01 /* Base */,
			);
			name = LaunchScreen.storyboard;
			sourceTree = "<group>";
		};
/* End PBXVariantGroup section */

/* Begin XCBuildConfiguration section */
		6AC7B65E1DDD829D009A2E01 /* Debug */ = {
			isa = XCBuildConfiguration;
			buildSettings = {
				ALWAYS_SEARCH_USER_PATHS = NO;
				CLANG_ANALYZER_NONNULL = YES;
				CLANG_CXX_LANGUAGE_STANDARD = "gnu++0x";
				CLANG_CXX_LIBRARY = "libc++";
				CLANG_ENABLE_MODULES = YES;
				CLANG_ENABLE_OBJC_ARC = YES;
				CLANG_WARN_BOOL_CONVERSION = YES;
				CLANG_WARN_CONSTANT_CONVERSION = YES;
				CLANG_WARN_DIRECT_OBJC_ISA_USAGE = YES_ERROR;
				CLANG_WARN_DOCUMENTATION_COMMENTS = YES;
				CLANG_WARN_EMPTY_BODY = YES;
				CLANG_WARN_ENUM_CONVERSION = YES;
				CLANG_WARN_INFINITE_RECURSION = YES;
				CLANG_WARN_INT_CONVERSION = YES;
				CLANG_WARN_OBJC_ROOT_CLASS = YES_ERROR;
				CLANG_WARN_SUSPICIOUS_MOVES = YES;
				CLANG_WARN_UNREACHABLE_CODE = YES;
				CLANG_WARN__DUPLICATE_METHOD_MATCH = YES;
				"CODE_SIGN_IDENTITY[sdk=iphoneos*]" = "iPhone Developer";
				COPY_PHASE_STRIP = NO;
				DEBUG_INFORMATION_FORMAT = dwarf;
				ENABLE_STRICT_OBJC_MSGSEND = YES;
				ENABLE_TESTABILITY = YES;
				GCC_C_LANGUAGE_STANDARD = gnu99;
				GCC_DYNAMIC_NO_PIC = NO;
				GCC_NO_COMMON_BLOCKS = YES;
				GCC_OPTIMIZATION_LEVEL = 0;
				GCC_PREPROCESSOR_DEFINITIONS = (
					"DEBUG=1",
					"$(inherited)",
				);
				GCC_WARN_64_TO_32_BIT_CONVERSION = YES;
				GCC_WARN_ABOUT_RETURN_TYPE = YES_ERROR;
				GCC_WARN_UNDECLARED_SELECTOR = YES;
				GCC_WARN_UNINITIALIZED_AUTOS = YES_AGGRESSIVE;
				GCC_WARN_UNUSED_FUNCTION = YES;
				GCC_WARN_UNUSED_VARIABLE = YES;
				IPHONEOS_DEPLOYMENT_TARGET = 10.1;
				MTL_ENABLE_DEBUG_INFO = YES;
				ONLY_ACTIVE_ARCH = YES;
				SDKROOT = iphoneos;
				SWIFT_ACTIVE_COMPILATION_CONDITIONS = DEBUG;
				SWIFT_OPTIMIZATION_LEVEL = "-Onone";
			};
			name = Debug;
		};
		6AC7B65F1DDD829D009A2E01 /* Release */ = {
			isa = XCBuildConfiguration;
			buildSettings = {
				ALWAYS_SEARCH_USER_PATHS = NO;
				CLANG_ANALYZER_NONNULL = YES;
				CLANG_CXX_LANGUAGE_STANDARD = "gnu++0x";
				CLANG_CXX_LIBRARY = "libc++";
				CLANG_ENABLE_MODULES = YES;
				CLANG_ENABLE_OBJC_ARC = YES;
				CLANG_WARN_BOOL_CONVERSION = YES;
				CLANG_WARN_CONSTANT_CONVERSION = YES;
				CLANG_WARN_DIRECT_OBJC_ISA_USAGE = YES_ERROR;
				CLANG_WARN_DOCUMENTATION_COMMENTS = YES;
				CLANG_WARN_EMPTY_BODY = YES;
				CLANG_WARN_ENUM_CONVERSION = YES;
				CLANG_WARN_INFINITE_RECURSION = YES;
				CLANG_WARN_INT_CONVERSION = YES;
				CLANG_WARN_OBJC_ROOT_CLASS = YES_ERROR;
				CLANG_WARN_SUSPICIOUS_MOVES = YES;
				CLANG_WARN_UNREACHABLE_CODE = YES;
				CLANG_WARN__DUPLICATE_METHOD_MATCH = YES;
				"CODE_SIGN_IDENTITY[sdk=iphoneos*]" = "iPhone Developer";
				COPY_PHASE_STRIP = NO;
				DEBUG_INFORMATION_FORMAT = "dwarf-with-dsym";
				ENABLE_NS_ASSERTIONS = NO;
				ENABLE_STRICT_OBJC_MSGSEND = YES;
				GCC_C_LANGUAGE_STANDARD = gnu99;
				GCC_NO_COMMON_BLOCKS = YES;
				GCC_WARN_64_TO_32_BIT_CONVERSION = YES;
				GCC_WARN_ABOUT_RETURN_TYPE = YES_ERROR;
				GCC_WARN_UNDECLARED_SELECTOR = YES;
				GCC_WARN_UNINITIALIZED_AUTOS = YES_AGGRESSIVE;
				GCC_WARN_UNUSED_FUNCTION = YES;
				GCC_WARN_UNUSED_VARIABLE = YES;
				IPHONEOS_DEPLOYMENT_TARGET = 10.1;
				MTL_ENABLE_DEBUG_INFO = NO;
				SDKROOT = iphoneos;
				SWIFT_OPTIMIZATION_LEVEL = "-Owholemodule";
				VALIDATE_PRODUCT = YES;
			};
			name = Release;
		};
		6AC7B6611DDD829D009A2E01 /* Debug */ = {
			isa = XCBuildConfiguration;
			buildSettings = {
				ASSETCATALOG_COMPILER_APPICON_NAME = AppIcon;
				DEVELOPMENT_TEAM = 87AQFDFMKM;
				INFOPLIST_FILE = ISViewPager/Info.plist;
				LD_RUNPATH_SEARCH_PATHS = "$(inherited) @executable_path/Frameworks";
				PRODUCT_BUNDLE_IDENTIFIER = invictus.ISViewPager;
				PRODUCT_NAME = "$(TARGET_NAME)";
				SWIFT_VERSION = 3.0;
				TARGETED_DEVICE_FAMILY = "1,2";
			};
			name = Debug;
		};
		6AC7B6621DDD829D009A2E01 /* Release */ = {
			isa = XCBuildConfiguration;
			buildSettings = {
				ASSETCATALOG_COMPILER_APPICON_NAME = AppIcon;
				DEVELOPMENT_TEAM = 87AQFDFMKM;
				INFOPLIST_FILE = ISViewPager/Info.plist;
				LD_RUNPATH_SEARCH_PATHS = "$(inherited) @executable_path/Frameworks";
				PRODUCT_BUNDLE_IDENTIFIER = invictus.ISViewPager;
				PRODUCT_NAME = "$(TARGET_NAME)";
				SWIFT_VERSION = 3.0;
				TARGETED_DEVICE_FAMILY = "1,2";
			};
			name = Release;
		};
/* End XCBuildConfiguration section */

/* Begin XCConfigurationList section */
		6AC7B6491DDD829C009A2E01 /* Build configuration list for PBXProject "ISViewPager" */ = {
			isa = XCConfigurationList;
			buildConfigurations = (
				6AC7B65E1DDD829D009A2E01 /* Debug */,
				6AC7B65F1DDD829D009A2E01 /* Release */,
			);
			defaultConfigurationIsVisible = 0;
			defaultConfigurationName = Release;
		};
		6AC7B6601DDD829D009A2E01 /* Build configuration list for PBXNativeTarget "ISViewPager" */ = {
			isa = XCConfigurationList;
			buildConfigurations = (
				6AC7B6611DDD829D009A2E01 /* Debug */,
				6AC7B6621DDD829D009A2E01 /* Release */,
			);
			defaultConfigurationIsVisible = 0;
		};
/* End XCConfigurationList section */
	};
	rootObject = 6AC7B6461DDD829C009A2E01 /* Project object */;
}
